
Microsoft Visual Studio Solution File, Format Version 12.00
# Visual Studio 15
VisualStudioVersion = 15.0.27130.2010
MinimumVisualStudioVersion = 10.0.40219.1
Project("{8BC9CEB8-8B4A-11D0-8D11-00A0C91BC942}") = "HelloSFML", "HelloSFML\HelloSFML.vcxproj", "{7507E82C-2C51-4852-B1E3-BF986D2203AA}"
EndProject
Global
	GlobalSection(SolutionConfigurationPlatforms) = preSolution
		Debug|x64 = Debug|x64
		Debug|x86 = Debug|x86
		Release|x64 = Release|x64
		Release|x86 = Release|x86
	EndGlobalSection
	GlobalSection(ProjectConfigurationPlatforms) = postSolution
		{7507E82C-2C51-4852-B1E3-BF986D2203AA}.Debug|x64.ActiveCfg = Debug|x64
		{7507E82C-2C51-4852-B1E3-BF986D2203AA}.Debug|x64.Build.0 = Debug|x64
		{7507E82C-2C51-4852-B1E3-BF986D2203AA}.Debug|x86.ActiveCfg = Debug|Win32
		{7507E82C-2C51-4852-B1E3-BF986D2203AA}.Debug|x86.Build.0 = Debug|Win32
		{7507E82C-2C51-4852-B1E3-BF986D2203AA}.Release|x64.ActiveCfg = Release|x64
		{7507E82C-2C51-4852-B1E3-BF986D2203AA}.Release|x64.Build.0 = Release|x64
		{7507E82C-2C51-4852-B1E3-BF986D2203AA}.Release|x86.ActiveCfg = Release|Win32
		{7507E82C-2C51-4852-B1E3-BF986D2203AA}.Release|x86.Build.0 = Release|Win32
	EndGlobalSection
	GlobalSection(SolutionProperties) = preSolution
		HideSolutionNode = FALSE
	EndGlobalSection
	GlobalSection(ExtensibilityGlobals) = postSolution
		SolutionGuid = {2D5B2072-D872-4B07-AC87-33A13B32E902}
	EndGlobalSection
EndGlobal
