
Microsoft Visual Studio Solution File, Format Version 12.00
# Visual Studio 15
VisualStudioVersion = 15.0.27130.2010
MinimumVisualStudioVersion = 10.0.40219.1
Project("{8BC9CEB8-8B4A-11D0-8D11-00A0C91BC942}") = "intro_earth", "intro_earth\intro_earth.vcxproj", "{4392FAB7-0B43-4B37-91CD-B2E7A97C247B}"
EndProject
Global
	GlobalSection(SolutionConfigurationPlatforms) = preSolution
		Debug|x64 = Debug|x64
		Debug|x86 = Debug|x86
		Release|x64 = Release|x64
		Release|x86 = Release|x86
	EndGlobalSection
	GlobalSection(ProjectConfigurationPlatforms) = postSolution
		{4392FAB7-0B43-4B37-91CD-B2E7A97C247B}.Debug|x64.ActiveCfg = Debug|x64
		{4392FAB7-0B43-4B37-91CD-B2E7A97C247B}.Debug|x64.Build.0 = Debug|x64
		{4392FAB7-0B43-4B37-91CD-B2E7A97C247B}.Debug|x86.ActiveCfg = Debug|Win32
		{4392FAB7-0B43-4B37-91CD-B2E7A97C247B}.Debug|x86.Build.0 = Debug|Win32
		{4392FAB7-0B43-4B37-91CD-B2E7A97C247B}.Release|x64.ActiveCfg = Release|x64
		{4392FAB7-0B43-4B37-91CD-B2E7A97C247B}.Release|x64.Build.0 = Release|x64
		{4392FAB7-0B43-4B37-91CD-B2E7A97C247B}.Release|x86.ActiveCfg = Release|Win32
		{4392FAB7-0B43-4B37-91CD-B2E7A97C247B}.Release|x86.Build.0 = Release|Win32
	EndGlobalSection
	GlobalSection(SolutionProperties) = preSolution
		HideSolutionNode = FALSE
	EndGlobalSection
	GlobalSection(ExtensibilityGlobals) = postSolution
		SolutionGuid = {7EE63383-01A2-462D-908A-AAD6F284516A}
	EndGlobalSection
EndGlobal
