
Microsoft Visual Studio Solution File, Format Version 12.00
# Visual Studio 15
VisualStudioVersion = 15.0.27130.2010
MinimumVisualStudioVersion = 10.0.40219.1
Project("{8BC9CEB8-8B4A-11D0-8D11-00A0C91BC942}") = "rollearth", "rollearth\rollearth.vcxproj", "{3F136BE0-A48D-4465-A0C7-BD4932CD7BA2}"
EndProject
Global
	GlobalSection(SolutionConfigurationPlatforms) = preSolution
		Debug|x64 = Debug|x64
		Debug|x86 = Debug|x86
		Release|x64 = Release|x64
		Release|x86 = Release|x86
	EndGlobalSection
	GlobalSection(ProjectConfigurationPlatforms) = postSolution
		{3F136BE0-A48D-4465-A0C7-BD4932CD7BA2}.Debug|x64.ActiveCfg = Debug|x64
		{3F136BE0-A48D-4465-A0C7-BD4932CD7BA2}.Debug|x64.Build.0 = Debug|x64
		{3F136BE0-A48D-4465-A0C7-BD4932CD7BA2}.Debug|x86.ActiveCfg = Debug|Win32
		{3F136BE0-A48D-4465-A0C7-BD4932CD7BA2}.Debug|x86.Build.0 = Debug|Win32
		{3F136BE0-A48D-4465-A0C7-BD4932CD7BA2}.Release|x64.ActiveCfg = Release|x64
		{3F136BE0-A48D-4465-A0C7-BD4932CD7BA2}.Release|x64.Build.0 = Release|x64
		{3F136BE0-A48D-4465-A0C7-BD4932CD7BA2}.Release|x86.ActiveCfg = Release|Win32
		{3F136BE0-A48D-4465-A0C7-BD4932CD7BA2}.Release|x86.Build.0 = Release|Win32
	EndGlobalSection
	GlobalSection(SolutionProperties) = preSolution
		HideSolutionNode = FALSE
	EndGlobalSection
	GlobalSection(ExtensibilityGlobals) = postSolution
		SolutionGuid = {22B07ECF-18CA-4134-AEE8-9E01BC64D438}
	EndGlobalSection
EndGlobal
